
Microsoft Visual Studio Solution File, Format Version 12.00
# Visual Studio Version 17
VisualStudioVersion = 17.10.35027.167
MinimumVisualStudioVersion = 10.0.40219.1
Project("{FAE04EC0-301F-11D3-BF4B-00C04F79EFBC}") = "Tarea 3.6", "Tarea 3.6.csproj", "{2656F1A3-CF11-4E1F-B7CA-AA570707A178}"
EndProject
Global
	GlobalSection(SolutionConfigurationPlatforms) = preSolution
		Debug|Any CPU = Debug|Any CPU
		Release|Any CPU = Release|Any CPU
	EndGlobalSection
	GlobalSection(ProjectConfigurationPlatforms) = postSolution
		{2656F1A3-CF11-4E1F-B7CA-AA570707A178}.Debug|Any CPU.ActiveCfg = Debug|Any CPU
		{2656F1A3-CF11-4E1F-B7CA-AA570707A178}.Debug|Any CPU.Build.0 = Debug|Any CPU
		{2656F1A3-CF11-4E1F-B7CA-AA570707A178}.Release|Any CPU.ActiveCfg = Release|Any CPU
		{2656F1A3-CF11-4E1F-B7CA-AA570707A178}.Release|Any CPU.Build.0 = Release|Any CPU
	EndGlobalSection
	GlobalSection(SolutionProperties) = preSolution
		HideSolutionNode = FALSE
	EndGlobalSection
	GlobalSection(ExtensibilityGlobals) = postSolution
		SolutionGuid = {377D7352-9143-42A8-B657-AD890EFC00BD}
	EndGlobalSection
EndGlobal
